// !$*UTF8*$!
{
	archiveVersion = 1;
	classes = {
	};
	objectVersion = 46;
	objects = {

/* Begin PBXBuildFile section */
		AF1C44CE15257F24009AB77E /* Cocoa.framework in Frameworks */ = {isa = PBXBuildFile; fileRef = AF1C44CD15257F24009AB77E /* Cocoa.framework */; };
		AF1C44D815257F24009AB77E /* InfoPlist.strings in Resources */ = {isa = PBXBuildFile; fileRef = AF1C44D615257F24009AB77E /* InfoPlist.strings */; };
		AF1C44DA15257F24009AB77E /* main.m in Sources */ = {isa = PBXBuildFile; fileRef = AF1C44D915257F24009AB77E /* main.m */; };
		AF1C44DE15257F24009AB77E /* Credits.rtf in Resources */ = {isa = PBXBuildFile; fileRef = AF1C44DC15257F24009AB77E /* Credits.rtf */; };
		AF1C44E115257F24009AB77E /* MCAppDelegate.m in Sources */ = {isa = PBXBuildFile; fileRef = AF1C44E015257F24009AB77E /* MCAppDelegate.m */; };
		AF1C44E415257F24009AB77E /* MainMenu.xib in Resources */ = {isa = PBXBuildFile; fileRef = AF1C44E215257F24009AB77E /* MainMenu.xib */; };
		AF1C44EB15258015009AB77E /* AVFoundation.framework in Frameworks */ = {isa = PBXBuildFile; fileRef = AF1C44EA15258015009AB77E /* AVFoundation.framework */; };
		AF1C44F715261746009AB77E /* Howdoishotweb.icns in Resources */ = {isa = PBXBuildFile; fileRef = AF1C44F615261746009AB77E /* Howdoishotweb.icns */; };
		AF93FC9D1530AE17006A1253 /* MCScreenRecorder.m in Sources */ = {isa = PBXBuildFile; fileRef = AF93FC9C1530AE17006A1253 /* MCScreenRecorder.m */; };
		AFCD48CF15326B0800799408 /* MCScreenRecordingMenuItem.m in Sources */ = {isa = PBXBuildFile; fileRef = AFCD48CE15326B0800799408 /* MCScreenRecordingMenuItem.m */; };
/* End PBXBuildFile section */

/* Begin PBXFileReference section */
		AF1C44C915257F24009AB77E /* ScreenRecorder.app */ = {isa = PBXFileReference; explicitFileType = wrapper.application; includeInIndex = 0; path = ScreenRecorder.app; sourceTree = BUILT_PRODUCTS_DIR; };
		AF1C44CD15257F24009AB77E /* Cocoa.framework */ = {isa = PBXFileReference; lastKnownFileType = wrapper.framework; name = Cocoa.framework; path = System/Library/Frameworks/Cocoa.framework; sourceTree = SDKROOT; };
		AF1C44D015257F24009AB77E /* AppKit.framework */ = {isa = PBXFileReference; lastKnownFileType = wrapper.framework; name = AppKit.framework; path = System/Library/Frameworks/AppKit.framework; sourceTree = SDKROOT; };
		AF1C44D115257F24009AB77E /* CoreData.framework */ = {isa = PBXFileReference; lastKnownFileType = wrapper.framework; name = CoreData.framework; path = System/Library/Frameworks/CoreData.framework; sourceTree = SDKROOT; };
		AF1C44D215257F24009AB77E /* Foundation.framework */ = {isa = PBXFileReference; lastKnownFileType = wrapper.framework; name = Foundation.framework; path = System/Library/Frameworks/Foundation.framework; sourceTree = SDKROOT; };
		AF1C44D515257F24009AB77E /* ScreenRecorder-Info.plist */ = {isa = PBXFileReference; lastKnownFileType = text.plist.xml; path = "ScreenRecorder-Info.plist"; sourceTree = "<group>"; };
		AF1C44D715257F24009AB77E /* en */ = {isa = PBXFileReference; lastKnownFileType = text.plist.strings; name = en; path = en.lproj/InfoPlist.strings; sourceTree = "<group>"; };
		AF1C44D915257F24009AB77E /* main.m */ = {isa = PBXFileReference; lastKnownFileType = sourcecode.c.objc; path = main.m; sourceTree = "<group>"; };
		AF1C44DB15257F24009AB77E /* ScreenRecorder-Prefix.pch */ = {isa = PBXFileReference; lastKnownFileType = sourcecode.c.h; path = "ScreenRecorder-Prefix.pch"; sourceTree = "<group>"; };
		AF1C44DD15257F24009AB77E /* en */ = {isa = PBXFileReference; lastKnownFileType = text.rtf; name = en; path = en.lproj/Credits.rtf; sourceTree = "<group>"; };
		AF1C44DF15257F24009AB77E /* MCAppDelegate.h */ = {isa = PBXFileReference; lastKnownFileType = sourcecode.c.h; path = MCAppDelegate.h; sourceTree = "<group>"; };
		AF1C44E015257F24009AB77E /* MCAppDelegate.m */ = {isa = PBXFileReference; lastKnownFileType = sourcecode.c.objc; path = MCAppDelegate.m; sourceTree = "<group>"; };
		AF1C44E315257F24009AB77E /* en */ = {isa = PBXFileReference; lastKnownFileType = file.xib; name = en; path = en.lproj/MainMenu.xib; sourceTree = "<group>"; };
		AF1C44EA15258015009AB77E /* AVFoundation.framework */ = {isa = PBXFileReference; lastKnownFileType = wrapper.framework; name = AVFoundation.framework; path = System/Library/Frameworks/AVFoundation.framework; sourceTree = SDKROOT; };
		AF1C44F615261746009AB77E /* Howdoishotweb.icns */ = {isa = PBXFileReference; lastKnownFileType = image.icns; name = Howdoishotweb.icns; path = ../Howdoishotweb.icns; sourceTree = "<group>"; };
		AF93FC9B1530AE17006A1253 /* MCScreenRecorder.h */ = {isa = PBXFileReference; fileEncoding = 4; lastKnownFileType = sourcecode.c.h; path = MCScreenRecorder.h; sourceTree = "<group>"; };
		AF93FC9C1530AE17006A1253 /* MCScreenRecorder.m */ = {isa = PBXFileReference; fileEncoding = 4; lastKnownFileType = sourcecode.c.objc; path = MCScreenRecorder.m; sourceTree = "<group>"; };
		AFCD48CD15326B0800799408 /* MCScreenRecordingMenuItem.h */ = {isa = PBXFileReference; fileEncoding = 4; lastKnownFileType = sourcecode.c.h; path = MCScreenRecordingMenuItem.h; sourceTree = "<group>"; };
		AFCD48CE15326B0800799408 /* MCScreenRecordingMenuItem.m */ = {isa = PBXFileReference; fileEncoding = 4; lastKnownFileType = sourcecode.c.objc; path = MCScreenRecordingMenuItem.m; sourceTree = "<group>"; };
/* End PBXFileReference section */

/* Begin PBXFrameworksBuildPhase section */
		AF1C44C615257F24009AB77E /* Frameworks */ = {
			isa = PBXFrameworksBuildPhase;
			buildActionMask = 2147483647;
			files = (
				AF1C44EB15258015009AB77E /* AVFoundation.framework in Frameworks */,
				AF1C44CE15257F24009AB77E /* Cocoa.framework in Frameworks */,
			);
			runOnlyForDeploymentPostprocessing = 0;
		};
/* End PBXFrameworksBuildPhase section */

/* Begin PBXGroup section */
		AF1C44BE15257F24009AB77E = {
			isa = PBXGroup;
			children = (
				AF1C44D315257F24009AB77E /* ScreenRecorder */,
				AF1C44CC15257F24009AB77E /* Frameworks */,
				AF1C44CA15257F24009AB77E /* Products */,
			);
			sourceTree = "<group>";
		};
		AF1C44CA15257F24009AB77E /* Products */ = {
			isa = PBXGroup;
			children = (
				AF1C44C915257F24009AB77E /* ScreenRecorder.app */,
			);
			name = Products;
			sourceTree = "<group>";
		};
		AF1C44CC15257F24009AB77E /* Frameworks */ = {
			isa = PBXGroup;
			children = (
				AF1C44EA15258015009AB77E /* AVFoundation.framework */,
				AF1C44CD15257F24009AB77E /* Cocoa.framework */,
				AF1C44CF15257F24009AB77E /* Other Frameworks */,
			);
			name = Frameworks;
			sourceTree = "<group>";
		};
		AF1C44CF15257F24009AB77E /* Other Frameworks */ = {
			isa = PBXGroup;
			children = (
				AF1C44D015257F24009AB77E /* AppKit.framework */,
				AF1C44D115257F24009AB77E /* CoreData.framework */,
				AF1C44D215257F24009AB77E /* Foundation.framework */,
			);
			name = "Other Frameworks";
			sourceTree = "<group>";
		};
		AF1C44D315257F24009AB77E /* ScreenRecorder */ = {
			isa = PBXGroup;
			children = (
				AFCD48CD15326B0800799408 /* MCScreenRecordingMenuItem.h */,
				AFCD48CE15326B0800799408 /* MCScreenRecordingMenuItem.m */,
				AF1C44DF15257F24009AB77E /* MCAppDelegate.h */,
				AF1C44E015257F24009AB77E /* MCAppDelegate.m */,
				AF93FC9B1530AE17006A1253 /* MCScreenRecorder.h */,
				AF93FC9C1530AE17006A1253 /* MCScreenRecorder.m */,
				AF1C44E215257F24009AB77E /* MainMenu.xib */,
				AF1C44D415257F24009AB77E /* Supporting Files */,
			);
			path = ScreenRecorder;
			sourceTree = "<group>";
		};
		AF1C44D415257F24009AB77E /* Supporting Files */ = {
			isa = PBXGroup;
			children = (
				AF1C44F615261746009AB77E /* Howdoishotweb.icns */,
				AF1C44D515257F24009AB77E /* ScreenRecorder-Info.plist */,
				AF1C44D615257F24009AB77E /* InfoPlist.strings */,
				AF1C44D915257F24009AB77E /* main.m */,
				AF1C44DB15257F24009AB77E /* ScreenRecorder-Prefix.pch */,
				AF1C44DC15257F24009AB77E /* Credits.rtf */,
			);
			name = "Supporting Files";
			sourceTree = "<group>";
		};
/* End PBXGroup section */

/* Begin PBXNativeTarget section */
		AF1C44C815257F24009AB77E /* ScreenRecorder */ = {
			isa = PBXNativeTarget;
			buildConfigurationList = AF1C44E715257F24009AB77E /* Build configuration list for PBXNativeTarget "ScreenRecorder" */;
			buildPhases = (
				AF1C44C515257F24009AB77E /* Sources */,
				AF1C44C615257F24009AB77E /* Frameworks */,
				AF1C44C715257F24009AB77E /* Resources */,
			);
			buildRules = (
			);
			dependencies = (
			);
			name = ScreenRecorder;
			productName = ScreenRecorder;
			productReference = AF1C44C915257F24009AB77E /* ScreenRecorder.app */;
			productType = "com.apple.product-type.application";
		};
/* End PBXNativeTarget section */

/* Begin PBXProject section */
		AF1C44C015257F24009AB77E /* Project object */ = {
			isa = PBXProject;
			attributes = {
				CLASSPREFIX = MC;
				LastUpgradeCheck = 0430;
				ORGANIZATIONNAME = "Marketcircle Incorporated";
			};
			buildConfigurationList = AF1C44C315257F24009AB77E /* Build configuration list for PBXProject "ScreenRecorder" */;
			compatibilityVersion = "Xcode 3.2";
			developmentRegion = English;
			hasScannedForEncodings = 0;
			knownRegions = (
				en,
			);
			mainGroup = AF1C44BE15257F24009AB77E;
			productRefGroup = AF1C44CA15257F24009AB77E /* Products */;
			projectDirPath = "";
			projectRoot = "";
			targets = (
				AF1C44C815257F24009AB77E /* ScreenRecorder */,
			);
		};
/* End PBXProject section */

/* Begin PBXResourcesBuildPhase section */
		AF1C44C715257F24009AB77E /* Resources */ = {
			isa = PBXResourcesBuildPhase;
			buildActionMask = 2147483647;
			files = (
				AF1C44D815257F24009AB77E /* InfoPlist.strings in Resources */,
				AF1C44DE15257F24009AB77E /* Credits.rtf in Resources */,
				AF1C44E415257F24009AB77E /* MainMenu.xib in Resources */,
				AF1C44F715261746009AB77E /* Howdoishotweb.icns in Resources */,
			);
			runOnlyForDeploymentPostprocessing = 0;
		};
/* End PBXResourcesBuildPhase section */

/* Begin PBXSourcesBuildPhase section */
		AF1C44C515257F24009AB77E /* Sources */ = {
			isa = PBXSourcesBuildPhase;
			buildActionMask = 2147483647;
			files = (
				AF1C44DA15257F24009AB77E /* main.m in Sources */,
				AF1C44E115257F24009AB77E /* MCAppDelegate.m in Sources */,
				AF93FC9D1530AE17006A1253 /* MCScreenRecorder.m in Sources */,
				AFCD48CF15326B0800799408 /* MCScreenRecordingMenuItem.m in Sources */,
			);
			runOnlyForDeploymentPostprocessing = 0;
		};
/* End PBXSourcesBuildPhase section */

/* Begin PBXVariantGroup section */
		AF1C44D615257F24009AB77E /* InfoPlist.strings */ = {
			isa = PBXVariantGroup;
			children = (
				AF1C44D715257F24009AB77E /* en */,
			);
			name = InfoPlist.strings;
			sourceTree = "<group>";
		};
		AF1C44DC15257F24009AB77E /* Credits.rtf */ = {
			isa = PBXVariantGroup;
			children = (
				AF1C44DD15257F24009AB77E /* en */,
			);
			name = Credits.rtf;
			sourceTree = "<group>";
		};
		AF1C44E215257F24009AB77E /* MainMenu.xib */ = {
			isa = PBXVariantGroup;
			children = (
				AF1C44E315257F24009AB77E /* en */,
			);
			name = MainMenu.xib;
			sourceTree = "<group>";
		};
/* End PBXVariantGroup section */

/* Begin XCBuildConfiguration section */
		AF1C44E515257F24009AB77E /* Debug */ = {
			isa = XCBuildConfiguration;
			buildSettings = {
				ALWAYS_SEARCH_USER_PATHS = NO;
				ARCHS = "$(ARCHS_STANDARD_64_BIT)";
				CLANG_ENABLE_OBJC_ARC = YES;
				COPY_PHASE_STRIP = NO;
				GCC_C_LANGUAGE_STANDARD = gnu99;
				GCC_DYNAMIC_NO_PIC = NO;
				GCC_ENABLE_OBJC_EXCEPTIONS = YES;
				GCC_OPTIMIZATION_LEVEL = 0;
				GCC_PREPROCESSOR_DEFINITIONS = (
					"DEBUG=1",
					"$(inherited)",
				);
				GCC_SYMBOLS_PRIVATE_EXTERN = NO;
				GCC_VERSION = com.apple.compilers.llvm.clang.1_0;
				GCC_WARN_64_TO_32_BIT_CONVERSION = YES;
				GCC_WARN_ABOUT_RETURN_TYPE = YES;
				GCC_WARN_UNINITIALIZED_AUTOS = YES;
				GCC_WARN_UNUSED_VARIABLE = YES;
				MACOSX_DEPLOYMENT_TARGET = 10.7;
				ONLY_ACTIVE_ARCH = YES;
				RUN_CLANG_STATIC_ANALYZER = YES;
				SDKROOT = macosx;
			};
			name = Debug;
		};
		AF1C44E615257F24009AB77E /* Release */ = {
			isa = XCBuildConfiguration;
			buildSettings = {
				ALWAYS_SEARCH_USER_PATHS = NO;
				ARCHS = "$(ARCHS_STANDARD_64_BIT)";
				CLANG_ENABLE_OBJC_ARC = YES;
				COPY_PHASE_STRIP = YES;
				DEBUG_INFORMATION_FORMAT = "dwarf-with-dsym";
				GCC_C_LANGUAGE_STANDARD = gnu99;
				GCC_ENABLE_OBJC_EXCEPTIONS = YES;
				GCC_VERSION = com.apple.compilers.llvm.clang.1_0;
				GCC_WARN_64_TO_32_BIT_CONVERSION = YES;
				GCC_WARN_ABOUT_RETURN_TYPE = YES;
				GCC_WARN_UNINITIALIZED_AUTOS = YES;
				GCC_WARN_UNUSED_VARIABLE = YES;
				MACOSX_DEPLOYMENT_TARGET = 10.7;
				RUN_CLANG_STATIC_ANALYZER = YES;
				SDKROOT = macosx;
			};
			name = Release;
		};
		AF1C44E815257F24009AB77E /* Debug */ = {
			isa = XCBuildConfiguration;
			buildSettings = {
				GCC_PRECOMPILE_PREFIX_HEADER = YES;
				GCC_PREFIX_HEADER = "ScreenRecorder/ScreenRecorder-Prefix.pch";
				INFOPLIST_FILE = "ScreenRecorder/ScreenRecorder-Info.plist";
				PRODUCT_NAME = "$(TARGET_NAME)";
				WRAPPER_EXTENSION = app;
			};
			name = Debug;
		};
		AF1C44E915257F24009AB77E /* Release */ = {
			isa = XCBuildConfiguration;
			buildSettings = {
				GCC_PRECOMPILE_PREFIX_HEADER = YES;
				GCC_PREFIX_HEADER = "ScreenRecorder/ScreenRecorder-Prefix.pch";
				INFOPLIST_FILE = "ScreenRecorder/ScreenRecorder-Info.plist";
				PRODUCT_NAME = "$(TARGET_NAME)";
				WRAPPER_EXTENSION = app;
			};
			name = Release;
		};
/* End XCBuildConfiguration section */

/* Begin XCConfigurationList section */
		AF1C44C315257F24009AB77E /* Build configuration list for PBXProject "ScreenRecorder" */ = {
			isa = XCConfigurationList;
			buildConfigurations = (
				AF1C44E515257F24009AB77E /* Debug */,
				AF1C44E615257F24009AB77E /* Release */,
			);
			defaultConfigurationIsVisible = 0;
			defaultConfigurationName = Release;
		};
		AF1C44E715257F24009AB77E /* Build configuration list for PBXNativeTarget "ScreenRecorder" */ = {
			isa = XCConfigurationList;
			buildConfigurations = (
				AF1C44E815257F24009AB77E /* Debug */,
				AF1C44E915257F24009AB77E /* Release */,
			);
			defaultConfigurationIsVisible = 0;
			defaultConfigurationName = Release;
		};
/* End XCConfigurationList section */
	};
	rootObject = AF1C44C015257F24009AB77E /* Project object */;
}
